
Microsoft Visual Studio Solution File, Format Version 12.00
# Visual Studio Version 16
VisualStudioVersion = 16.0.30523.141
MinimumVisualStudioVersion = 10.0.40219.1
Project("{9A19103F-16F7-4668-BE54-9A1E7A4F7556}") = "KatieSoccer", "KatieSoccer\Client\KatieSoccer.csproj", "{B03436F0-B47D-4A6F-AB45-362D4C38DE29}"
EndProject
Project("{9A19103F-16F7-4668-BE54-9A1E7A4F7556}") = "KatieSoccer.Server", "KatieSoccer\Server\KatieSoccer.Server.csproj", "{95F09572-AD5F-4F48-9011-B23EDBB501CA}"
EndProject
Global
	GlobalSection(SolutionConfigurationPlatforms) = preSolution
		Debug|Any CPU = Debug|Any CPU
		Release|Any CPU = Release|Any CPU
	EndGlobalSection
	GlobalSection(ProjectConfigurationPlatforms) = postSolution
		{B03436F0-B47D-4A6F-AB45-362D4C38DE29}.Debug|Any CPU.ActiveCfg = Debug|Any CPU
		{B03436F0-B47D-4A6F-AB45-362D4C38DE29}.Debug|Any CPU.Build.0 = Debug|Any CPU
		{B03436F0-B47D-4A6F-AB45-362D4C38DE29}.Release|Any CPU.ActiveCfg = Release|Any CPU
		{B03436F0-B47D-4A6F-AB45-362D4C38DE29}.Release|Any CPU.Build.0 = Release|Any CPU
		{95F09572-AD5F-4F48-9011-B23EDBB501CA}.Debug|Any CPU.ActiveCfg = Debug|Any CPU
		{95F09572-AD5F-4F48-9011-B23EDBB501CA}.Debug|Any CPU.Build.0 = Debug|Any CPU
		{95F09572-AD5F-4F48-9011-B23EDBB501CA}.Release|Any CPU.ActiveCfg = Release|Any CPU
		{95F09572-AD5F-4F48-9011-B23EDBB501CA}.Release|Any CPU.Build.0 = Release|Any CPU
	EndGlobalSection
	GlobalSection(SolutionProperties) = preSolution
		HideSolutionNode = FALSE
	EndGlobalSection
	GlobalSection(ExtensibilityGlobals) = postSolution
		SolutionGuid = {ADF85C73-F331-47D1-B77F-178245348746}
	EndGlobalSection
EndGlobal
